<Solution>
  <Folder Name="/backend/">
    <Project Path="backend/TodoApp.API/TodoApp.API.csproj" />
    <Project Path="backend/TodoApp.Application/TodoApp.Application.csproj" />
    <Project Path="backend/TodoApp.Domain/TodoApp.Domain.csproj" />
    <Project Path="backend/TodoApp.Infrastructure/TodoApp.Infrastructure.csproj" />
  </Folder>
</Solution>
